
Microsoft Visual Studio Solution File, Format Version 12.00
# Visual Studio 14
VisualStudioVersion = 14.0.24720.0
MinimumVisualStudioVersion = 10.0.40219.1
Project("{FAE04EC0-301F-11D3-BF4B-00C04F79EFBC}") = "BonService", "BonService\BonService.csproj", "{66B11152-9EB9-4EA5-B6B1-E5FDD293D059}"
EndProject
Project("{FAE04EC0-301F-11D3-BF4B-00C04F79EFBC}") = "TestClient", "TestClient\TestClient.csproj", "{44BFAE97-8285-45A3-9C2B-17A5A25948FA}"
EndProject
Project("{FAE04EC0-301F-11D3-BF4B-00C04F79EFBC}") = "BonParser", "..\BonParser\BonParser\BonParser.csproj", "{AA53777D-B067-49FA-9F23-F87EB4A94EAB}"
EndProject
Project("{FAE04EC0-301F-11D3-BF4B-00C04F79EFBC}") = "BonRestApi", "F:\Documents\FRI Faks\Informacijski sistemi\Spletni klepet db in android\VisualStudioProject\WcfService1\BonRestApi.csproj", "{486E374A-DAAF-4A6F-9CCC-6F2B8D6BF5FF}"
EndProject
Global
	GlobalSection(SolutionConfigurationPlatforms) = preSolution
		Debug|Any CPU = Debug|Any CPU
		Release|Any CPU = Release|Any CPU
	EndGlobalSection
	GlobalSection(ProjectConfigurationPlatforms) = postSolution
		{66B11152-9EB9-4EA5-B6B1-E5FDD293D059}.Debug|Any CPU.ActiveCfg = Debug|Any CPU
		{66B11152-9EB9-4EA5-B6B1-E5FDD293D059}.Debug|Any CPU.Build.0 = Debug|Any CPU
		{66B11152-9EB9-4EA5-B6B1-E5FDD293D059}.Release|Any CPU.ActiveCfg = Release|Any CPU
		{66B11152-9EB9-4EA5-B6B1-E5FDD293D059}.Release|Any CPU.Build.0 = Release|Any CPU
		{44BFAE97-8285-45A3-9C2B-17A5A25948FA}.Debug|Any CPU.ActiveCfg = Debug|Any CPU
		{44BFAE97-8285-45A3-9C2B-17A5A25948FA}.Debug|Any CPU.Build.0 = Debug|Any CPU
		{44BFAE97-8285-45A3-9C2B-17A5A25948FA}.Release|Any CPU.ActiveCfg = Release|Any CPU
		{44BFAE97-8285-45A3-9C2B-17A5A25948FA}.Release|Any CPU.Build.0 = Release|Any CPU
		{AA53777D-B067-49FA-9F23-F87EB4A94EAB}.Debug|Any CPU.ActiveCfg = Debug|Any CPU
		{AA53777D-B067-49FA-9F23-F87EB4A94EAB}.Debug|Any CPU.Build.0 = Debug|Any CPU
		{AA53777D-B067-49FA-9F23-F87EB4A94EAB}.Release|Any CPU.ActiveCfg = Release|Any CPU
		{AA53777D-B067-49FA-9F23-F87EB4A94EAB}.Release|Any CPU.Build.0 = Release|Any CPU
		{486E374A-DAAF-4A6F-9CCC-6F2B8D6BF5FF}.Debug|Any CPU.ActiveCfg = Debug|Any CPU
		{486E374A-DAAF-4A6F-9CCC-6F2B8D6BF5FF}.Debug|Any CPU.Build.0 = Debug|Any CPU
		{486E374A-DAAF-4A6F-9CCC-6F2B8D6BF5FF}.Release|Any CPU.ActiveCfg = Release|Any CPU
		{486E374A-DAAF-4A6F-9CCC-6F2B8D6BF5FF}.Release|Any CPU.Build.0 = Release|Any CPU
	EndGlobalSection
	GlobalSection(SolutionProperties) = preSolution
		HideSolutionNode = FALSE
	EndGlobalSection
EndGlobal
